
Microsoft Visual Studio Solution File, Format Version 12.00
# Visual Studio Version 17
VisualStudioVersion = 17.5.002.0
MinimumVisualStudioVersion = 10.0.40219.1
Project("{9A19103F-16F7-4668-BE54-9A1E7A4F7556}") = "Final", "Final\Final.csproj", "{C290B7DC-837B-46FA-B4DE-960F5722FA61}"
EndProject
Project("{9A19103F-16F7-4668-BE54-9A1E7A4F7556}") = "Starter", "Starter\Starter.csproj", "{A8523EE6-A68C-4AF3-AEEC-80F8B55C9A16}"
EndProject
Global
	GlobalSection(SolutionConfigurationPlatforms) = preSolution
		Debug|Any CPU = Debug|Any CPU
		Release|Any CPU = Release|Any CPU
	EndGlobalSection
	GlobalSection(ProjectConfigurationPlatforms) = postSolution
		{C290B7DC-837B-46FA-B4DE-960F5722FA61}.Debug|Any CPU.ActiveCfg = Debug|Any CPU
		{C290B7DC-837B-46FA-B4DE-960F5722FA61}.Debug|Any CPU.Build.0 = Debug|Any CPU
		{C290B7DC-837B-46FA-B4DE-960F5722FA61}.Release|Any CPU.ActiveCfg = Release|Any CPU
		{C290B7DC-837B-46FA-B4DE-960F5722FA61}.Release|Any CPU.Build.0 = Release|Any CPU
		{A8523EE6-A68C-4AF3-AEEC-80F8B55C9A16}.Debug|Any CPU.ActiveCfg = Debug|Any CPU
		{A8523EE6-A68C-4AF3-AEEC-80F8B55C9A16}.Debug|Any CPU.Build.0 = Debug|Any CPU
		{A8523EE6-A68C-4AF3-AEEC-80F8B55C9A16}.Release|Any CPU.ActiveCfg = Release|Any CPU
		{A8523EE6-A68C-4AF3-AEEC-80F8B55C9A16}.Release|Any CPU.Build.0 = Release|Any CPU
	EndGlobalSection
	GlobalSection(SolutionProperties) = preSolution
		HideSolutionNode = FALSE
	EndGlobalSection
	GlobalSection(ExtensibilityGlobals) = postSolution
		SolutionGuid = {3A4FC91C-7986-4D3D-BC49-4BFEA54D37D7}
	EndGlobalSection
EndGlobal
